// !$*UTF8*$!
{
	archiveVersion = 1;
	classes = {
	};
	objectVersion = 56;
	objects = {

/* Begin PBXBuildFile section */
		8390A36E29A8436800BFA2A3 /* AppDelegate.swift in Sources */ = {isa = PBXBuildFile; fileRef = 8390A36D29A8436800BFA2A3 /* AppDelegate.swift */; };
		8390A37029A8436800BFA2A3 /* SceneDelegate.swift in Sources */ = {isa = PBXBuildFile; fileRef = 8390A36F29A8436800BFA2A3 /* SceneDelegate.swift */; };
		8390A37229A8436800BFA2A3 /* ViewController.swift in Sources */ = {isa = PBXBuildFile; fileRef = 8390A37129A8436800BFA2A3 /* ViewController.swift */; };
		8390A37529A8436800BFA2A3 /* Main.storyboard in Resources */ = {isa = PBXBuildFile; fileRef = 8390A37329A8436800BFA2A3 /* Main.storyboard */; };
		8390A37729A8436900BFA2A3 /* Assets.xcassets in Resources */ = {isa = PBXBuildFile; fileRef = 8390A37629A8436900BFA2A3 /* Assets.xcassets */; };
		8390A37A29A8436900BFA2A3 /* LaunchScreen.storyboard in Resources */ = {isa = PBXBuildFile; fileRef = 8390A37829A8436900BFA2A3 /* LaunchScreen.storyboard */; };
		8390A38329A8437A00BFA2A3 /* XcapKit in Frameworks */ = {isa = PBXBuildFile; productRef = 8390A38229A8437A00BFA2A3 /* XcapKit */; };
		8390A38629A8438B00BFA2A3 /* LineSegmentRenderer.swift in Sources */ = {isa = PBXBuildFile; fileRef = 8390A38529A8438B00BFA2A3 /* LineSegmentRenderer.swift */; };
		8390A38829A84FA300BFA2A3 /* CircleRenderer.swift in Sources */ = {isa = PBXBuildFile; fileRef = 8390A38729A84FA300BFA2A3 /* CircleRenderer.swift */; };
/* End PBXBuildFile section */

/* Begin PBXFileReference section */
		8390A36A29A8436800BFA2A3 /* XcapKitExample.app */ = {isa = PBXFileReference; explicitFileType = wrapper.application; includeInIndex = 0; path = XcapKitExample.app; sourceTree = BUILT_PRODUCTS_DIR; };
		8390A36D29A8436800BFA2A3 /* AppDelegate.swift */ = {isa = PBXFileReference; lastKnownFileType = sourcecode.swift; path = AppDelegate.swift; sourceTree = "<group>"; };
		8390A36F29A8436800BFA2A3 /* SceneDelegate.swift */ = {isa = PBXFileReference; lastKnownFileType = sourcecode.swift; path = SceneDelegate.swift; sourceTree = "<group>"; };
		8390A37129A8436800BFA2A3 /* ViewController.swift */ = {isa = PBXFileReference; lastKnownFileType = sourcecode.swift; path = ViewController.swift; sourceTree = "<group>"; };
		8390A37429A8436800BFA2A3 /* Base */ = {isa = PBXFileReference; lastKnownFileType = file.storyboard; name = Base; path = Base.lproj/Main.storyboard; sourceTree = "<group>"; };
		8390A37629A8436900BFA2A3 /* Assets.xcassets */ = {isa = PBXFileReference; lastKnownFileType = folder.assetcatalog; path = Assets.xcassets; sourceTree = "<group>"; };
		8390A37929A8436900BFA2A3 /* Base */ = {isa = PBXFileReference; lastKnownFileType = file.storyboard; name = Base; path = Base.lproj/LaunchScreen.storyboard; sourceTree = "<group>"; };
		8390A37B29A8436900BFA2A3 /* Info.plist */ = {isa = PBXFileReference; lastKnownFileType = text.plist.xml; path = Info.plist; sourceTree = "<group>"; };
		8390A38529A8438B00BFA2A3 /* LineSegmentRenderer.swift */ = {isa = PBXFileReference; lastKnownFileType = sourcecode.swift; path = LineSegmentRenderer.swift; sourceTree = "<group>"; };
		8390A38729A84FA300BFA2A3 /* CircleRenderer.swift */ = {isa = PBXFileReference; lastKnownFileType = sourcecode.swift; path = CircleRenderer.swift; sourceTree = "<group>"; };
/* End PBXFileReference section */

/* Begin PBXFrameworksBuildPhase section */
		8390A36729A8436800BFA2A3 /* Frameworks */ = {
			isa = PBXFrameworksBuildPhase;
			buildActionMask = 2147483647;
			files = (
				8390A38329A8437A00BFA2A3 /* XcapKit in Frameworks */,
			);
			runOnlyForDeploymentPostprocessing = 0;
		};
/* End PBXFrameworksBuildPhase section */

/* Begin PBXGroup section */
		8390A36129A8436800BFA2A3 = {
			isa = PBXGroup;
			children = (
				8390A36C29A8436800BFA2A3 /* XcapKitExample */,
				8390A36B29A8436800BFA2A3 /* Products */,
			);
			sourceTree = "<group>";
		};
		8390A36B29A8436800BFA2A3 /* Products */ = {
			isa = PBXGroup;
			children = (
				8390A36A29A8436800BFA2A3 /* XcapKitExample.app */,
			);
			name = Products;
			sourceTree = "<group>";
		};
		8390A36C29A8436800BFA2A3 /* XcapKitExample */ = {
			isa = PBXGroup;
			children = (
				8390A38429A8437E00BFA2A3 /* ObjectRenderers */,
				8390A37129A8436800BFA2A3 /* ViewController.swift */,
				8390A36F29A8436800BFA2A3 /* SceneDelegate.swift */,
				8390A36D29A8436800BFA2A3 /* AppDelegate.swift */,
				8390A37329A8436800BFA2A3 /* Main.storyboard */,
				8390A37829A8436900BFA2A3 /* LaunchScreen.storyboard */,
				8390A37629A8436900BFA2A3 /* Assets.xcassets */,
				8390A37B29A8436900BFA2A3 /* Info.plist */,
			);
			path = XcapKitExample;
			sourceTree = "<group>";
		};
		8390A38429A8437E00BFA2A3 /* ObjectRenderers */ = {
			isa = PBXGroup;
			children = (
				8390A38529A8438B00BFA2A3 /* LineSegmentRenderer.swift */,
				8390A38729A84FA300BFA2A3 /* CircleRenderer.swift */,
			);
			path = ObjectRenderers;
			sourceTree = "<group>";
		};
/* End PBXGroup section */

/* Begin PBXNativeTarget section */
		8390A36929A8436800BFA2A3 /* XcapKitExample */ = {
			isa = PBXNativeTarget;
			buildConfigurationList = 8390A37E29A8436900BFA2A3 /* Build configuration list for PBXNativeTarget "XcapKitExample" */;
			buildPhases = (
				8390A36629A8436800BFA2A3 /* Sources */,
				8390A36729A8436800BFA2A3 /* Frameworks */,
				8390A36829A8436800BFA2A3 /* Resources */,
			);
			buildRules = (
			);
			dependencies = (
			);
			name = XcapKitExample;
			packageProductDependencies = (
				8390A38229A8437A00BFA2A3 /* XcapKit */,
			);
			productName = XcapKitExample;
			productReference = 8390A36A29A8436800BFA2A3 /* XcapKitExample.app */;
			productType = "com.apple.product-type.application";
		};
/* End PBXNativeTarget section */

/* Begin PBXProject section */
		8390A36229A8436800BFA2A3 /* Project object */ = {
			isa = PBXProject;
			attributes = {
				BuildIndependentTargetsInParallel = 1;
				LastSwiftUpdateCheck = 1420;
				LastUpgradeCheck = 1420;
				TargetAttributes = {
					8390A36929A8436800BFA2A3 = {
						CreatedOnToolsVersion = 14.2;
					};
				};
			};
			buildConfigurationList = 8390A36529A8436800BFA2A3 /* Build configuration list for PBXProject "XcapKitExample" */;
			compatibilityVersion = "Xcode 14.0";
			developmentRegion = en;
			hasScannedForEncodings = 0;
			knownRegions = (
				en,
				Base,
			);
			mainGroup = 8390A36129A8436800BFA2A3;
			packageReferences = (
				8390A38129A8437A00BFA2A3 /* XCRemoteSwiftPackageReference "XcapKit" */,
			);
			productRefGroup = 8390A36B29A8436800BFA2A3 /* Products */;
			projectDirPath = "";
			projectRoot = "";
			targets = (
				8390A36929A8436800BFA2A3 /* XcapKitExample */,
			);
		};
/* End PBXProject section */

/* Begin PBXResourcesBuildPhase section */
		8390A36829A8436800BFA2A3 /* Resources */ = {
			isa = PBXResourcesBuildPhase;
			buildActionMask = 2147483647;
			files = (
				8390A37A29A8436900BFA2A3 /* LaunchScreen.storyboard in Resources */,
				8390A37729A8436900BFA2A3 /* Assets.xcassets in Resources */,
				8390A37529A8436800BFA2A3 /* Main.storyboard in Resources */,
			);
			runOnlyForDeploymentPostprocessing = 0;
		};
/* End PBXResourcesBuildPhase section */

/* Begin PBXSourcesBuildPhase section */
		8390A36629A8436800BFA2A3 /* Sources */ = {
			isa = PBXSourcesBuildPhase;
			buildActionMask = 2147483647;
			files = (
				8390A37229A8436800BFA2A3 /* ViewController.swift in Sources */,
				8390A38829A84FA300BFA2A3 /* CircleRenderer.swift in Sources */,
				8390A36E29A8436800BFA2A3 /* AppDelegate.swift in Sources */,
				8390A38629A8438B00BFA2A3 /* LineSegmentRenderer.swift in Sources */,
				8390A37029A8436800BFA2A3 /* SceneDelegate.swift in Sources */,
			);
			runOnlyForDeploymentPostprocessing = 0;
		};
/* End PBXSourcesBuildPhase section */

/* Begin PBXVariantGroup section */
		8390A37329A8436800BFA2A3 /* Main.storyboard */ = {
			isa = PBXVariantGroup;
			children = (
				8390A37429A8436800BFA2A3 /* Base */,
			);
			name = Main.storyboard;
			sourceTree = "<group>";
		};
		8390A37829A8436900BFA2A3 /* LaunchScreen.storyboard */ = {
			isa = PBXVariantGroup;
			children = (
				8390A37929A8436900BFA2A3 /* Base */,
			);
			name = LaunchScreen.storyboard;
			sourceTree = "<group>";
		};
/* End PBXVariantGroup section */

/* Begin XCBuildConfiguration section */
		8390A37C29A8436900BFA2A3 /* Debug */ = {
			isa = XCBuildConfiguration;
			buildSettings = {
				ALWAYS_SEARCH_USER_PATHS = NO;
				CLANG_ANALYZER_NONNULL = YES;
				CLANG_ANALYZER_NUMBER_OBJECT_CONVERSION = YES_AGGRESSIVE;
				CLANG_CXX_LANGUAGE_STANDARD = "gnu++20";
				CLANG_ENABLE_MODULES = YES;
				CLANG_ENABLE_OBJC_ARC = YES;
				CLANG_ENABLE_OBJC_WEAK = YES;
				CLANG_WARN_BLOCK_CAPTURE_AUTORELEASING = YES;
				CLANG_WARN_BOOL_CONVERSION = YES;
				CLANG_WARN_COMMA = YES;
				CLANG_WARN_CONSTANT_CONVERSION = YES;
				CLANG_WARN_DEPRECATED_OBJC_IMPLEMENTATIONS = YES;
				CLANG_WARN_DIRECT_OBJC_ISA_USAGE = YES_ERROR;
				CLANG_WARN_DOCUMENTATION_COMMENTS = YES;
				CLANG_WARN_EMPTY_BODY = YES;
				CLANG_WARN_ENUM_CONVERSION = YES;
				CLANG_WARN_INFINITE_RECURSION = YES;
				CLANG_WARN_INT_CONVERSION = YES;
				CLANG_WARN_NON_LITERAL_NULL_CONVERSION = YES;
				CLANG_WARN_OBJC_IMPLICIT_RETAIN_SELF = YES;
				CLANG_WARN_OBJC_LITERAL_CONVERSION = YES;
				CLANG_WARN_OBJC_ROOT_CLASS = YES_ERROR;
				CLANG_WARN_QUOTED_INCLUDE_IN_FRAMEWORK_HEADER = YES;
				CLANG_WARN_RANGE_LOOP_ANALYSIS = YES;
				CLANG_WARN_STRICT_PROTOTYPES = YES;
				CLANG_WARN_SUSPICIOUS_MOVE = YES;
				CLANG_WARN_UNGUARDED_AVAILABILITY = YES_AGGRESSIVE;
				CLANG_WARN_UNREACHABLE_CODE = YES;
				CLANG_WARN__DUPLICATE_METHOD_MATCH = YES;
				COPY_PHASE_STRIP = NO;
				DEBUG_INFORMATION_FORMAT = dwarf;
				ENABLE_STRICT_OBJC_MSGSEND = YES;
				ENABLE_TESTABILITY = YES;
				GCC_C_LANGUAGE_STANDARD = gnu11;
				GCC_DYNAMIC_NO_PIC = NO;
				GCC_NO_COMMON_BLOCKS = YES;
				GCC_OPTIMIZATION_LEVEL = 0;
				GCC_PREPROCESSOR_DEFINITIONS = (
					"DEBUG=1",
					"$(inherited)",
				);
				GCC_WARN_64_TO_32_BIT_CONVERSION = YES;
				GCC_WARN_ABOUT_RETURN_TYPE = YES_ERROR;
				GCC_WARN_UNDECLARED_SELECTOR = YES;
				GCC_WARN_UNINITIALIZED_AUTOS = YES_AGGRESSIVE;
				GCC_WARN_UNUSED_FUNCTION = YES;
				GCC_WARN_UNUSED_VARIABLE = YES;
				IPHONEOS_DEPLOYMENT_TARGET = 16.2;
				MTL_ENABLE_DEBUG_INFO = INCLUDE_SOURCE;
				MTL_FAST_MATH = YES;
				ONLY_ACTIVE_ARCH = YES;
				SDKROOT = iphoneos;
				SWIFT_ACTIVE_COMPILATION_CONDITIONS = DEBUG;
				SWIFT_OPTIMIZATION_LEVEL = "-Onone";
			};
			name = Debug;
		};
		8390A37D29A8436900BFA2A3 /* Release */ = {
			isa = XCBuildConfiguration;
			buildSettings = {
				ALWAYS_SEARCH_USER_PATHS = NO;
				CLANG_ANALYZER_NONNULL = YES;
				CLANG_ANALYZER_NUMBER_OBJECT_CONVERSION = YES_AGGRESSIVE;
				CLANG_CXX_LANGUAGE_STANDARD = "gnu++20";
				CLANG_ENABLE_MODULES = YES;
				CLANG_ENABLE_OBJC_ARC = YES;
				CLANG_ENABLE_OBJC_WEAK = YES;
				CLANG_WARN_BLOCK_CAPTURE_AUTORELEASING = YES;
				CLANG_WARN_BOOL_CONVERSION = YES;
				CLANG_WARN_COMMA = YES;
				CLANG_WARN_CONSTANT_CONVERSION = YES;
				CLANG_WARN_DEPRECATED_OBJC_IMPLEMENTATIONS = YES;
				CLANG_WARN_DIRECT_OBJC_ISA_USAGE = YES_ERROR;
				CLANG_WARN_DOCUMENTATION_COMMENTS = YES;
				CLANG_WARN_EMPTY_BODY = YES;
				CLANG_WARN_ENUM_CONVERSION = YES;
				CLANG_WARN_INFINITE_RECURSION = YES;
				CLANG_WARN_INT_CONVERSION = YES;
				CLANG_WARN_NON_LITERAL_NULL_CONVERSION = YES;
				CLANG_WARN_OBJC_IMPLICIT_RETAIN_SELF = YES;
				CLANG_WARN_OBJC_LITERAL_CONVERSION = YES;
				CLANG_WARN_OBJC_ROOT_CLASS = YES_ERROR;
				CLANG_WARN_QUOTED_INCLUDE_IN_FRAMEWORK_HEADER = YES;
				CLANG_WARN_RANGE_LOOP_ANALYSIS = YES;
				CLANG_WARN_STRICT_PROTOTYPES = YES;
				CLANG_WARN_SUSPICIOUS_MOVE = YES;
				CLANG_WARN_UNGUARDED_AVAILABILITY = YES_AGGRESSIVE;
				CLANG_WARN_UNREACHABLE_CODE = YES;
				CLANG_WARN__DUPLICATE_METHOD_MATCH = YES;
				COPY_PHASE_STRIP = NO;
				DEBUG_INFORMATION_FORMAT = "dwarf-with-dsym";
				ENABLE_NS_ASSERTIONS = NO;
				ENABLE_STRICT_OBJC_MSGSEND = YES;
				GCC_C_LANGUAGE_STANDARD = gnu11;
				GCC_NO_COMMON_BLOCKS = YES;
				GCC_WARN_64_TO_32_BIT_CONVERSION = YES;
				GCC_WARN_ABOUT_RETURN_TYPE = YES_ERROR;
				GCC_WARN_UNDECLARED_SELECTOR = YES;
				GCC_WARN_UNINITIALIZED_AUTOS = YES_AGGRESSIVE;
				GCC_WARN_UNUSED_FUNCTION = YES;
				GCC_WARN_UNUSED_VARIABLE = YES;
				IPHONEOS_DEPLOYMENT_TARGET = 16.2;
				MTL_ENABLE_DEBUG_INFO = NO;
				MTL_FAST_MATH = YES;
				SDKROOT = iphoneos;
				SWIFT_COMPILATION_MODE = wholemodule;
				SWIFT_OPTIMIZATION_LEVEL = "-O";
				VALIDATE_PRODUCT = YES;
			};
			name = Release;
		};
		8390A37F29A8436900BFA2A3 /* Debug */ = {
			isa = XCBuildConfiguration;
			buildSettings = {
				ASSETCATALOG_COMPILER_APPICON_NAME = AppIcon;
				ASSETCATALOG_COMPILER_GLOBAL_ACCENT_COLOR_NAME = AccentColor;
				CODE_SIGN_STYLE = Automatic;
				CURRENT_PROJECT_VERSION = 1;
				DEVELOPMENT_TEAM = 7KF735ZTRT;
				GENERATE_INFOPLIST_FILE = YES;
				INFOPLIST_FILE = XcapKitExample/Info.plist;
				INFOPLIST_KEY_UIApplicationSupportsIndirectInputEvents = YES;
				INFOPLIST_KEY_UILaunchStoryboardName = LaunchScreen;
				INFOPLIST_KEY_UIMainStoryboardFile = Main;
				INFOPLIST_KEY_UISupportedInterfaceOrientations = UIInterfaceOrientationPortrait;
				INFOPLIST_KEY_UISupportedInterfaceOrientations_iPad = "UIInterfaceOrientationLandscapeLeft UIInterfaceOrientationLandscapeRight UIInterfaceOrientationPortrait UIInterfaceOrientationPortraitUpsideDown";
				LD_RUNPATH_SEARCH_PATHS = (
					"$(inherited)",
					"@executable_path/Frameworks",
				);
				MARKETING_VERSION = 1.0;
				PRODUCT_BUNDLE_IDENTIFIER = com.scchn.XcapKitExample;
				PRODUCT_NAME = "$(TARGET_NAME)";
				SWIFT_EMIT_LOC_STRINGS = YES;
				SWIFT_VERSION = 5.0;
				TARGETED_DEVICE_FAMILY = "1,2";
			};
			name = Debug;
		};
		8390A38029A8436900BFA2A3 /* Release */ = {
			isa = XCBuildConfiguration;
			buildSettings = {
				ASSETCATALOG_COMPILER_APPICON_NAME = AppIcon;
				ASSETCATALOG_COMPILER_GLOBAL_ACCENT_COLOR_NAME = AccentColor;
				CODE_SIGN_STYLE = Automatic;
				CURRENT_PROJECT_VERSION = 1;
				DEVELOPMENT_TEAM = 7KF735ZTRT;
				GENERATE_INFOPLIST_FILE = YES;
				INFOPLIST_FILE = XcapKitExample/Info.plist;
				INFOPLIST_KEY_UIApplicationSupportsIndirectInputEvents = YES;
				INFOPLIST_KEY_UILaunchStoryboardName = LaunchScreen;
				INFOPLIST_KEY_UIMainStoryboardFile = Main;
				INFOPLIST_KEY_UISupportedInterfaceOrientations = UIInterfaceOrientationPortrait;
				INFOPLIST_KEY_UISupportedInterfaceOrientations_iPad = "UIInterfaceOrientationLandscapeLeft UIInterfaceOrientationLandscapeRight UIInterfaceOrientationPortrait UIInterfaceOrientationPortraitUpsideDown";
				LD_RUNPATH_SEARCH_PATHS = (
					"$(inherited)",
					"@executable_path/Frameworks",
				);
				MARKETING_VERSION = 1.0;
				PRODUCT_BUNDLE_IDENTIFIER = com.scchn.XcapKitExample;
				PRODUCT_NAME = "$(TARGET_NAME)";
				SWIFT_EMIT_LOC_STRINGS = YES;
				SWIFT_VERSION = 5.0;
				TARGETED_DEVICE_FAMILY = "1,2";
			};
			name = Release;
		};
/* End XCBuildConfiguration section */

/* Begin XCConfigurationList section */
		8390A36529A8436800BFA2A3 /* Build configuration list for PBXProject "XcapKitExample" */ = {
			isa = XCConfigurationList;
			buildConfigurations = (
				8390A37C29A8436900BFA2A3 /* Debug */,
				8390A37D29A8436900BFA2A3 /* Release */,
			);
			defaultConfigurationIsVisible = 0;
			defaultConfigurationName = Release;
		};
		8390A37E29A8436900BFA2A3 /* Build configuration list for PBXNativeTarget "XcapKitExample" */ = {
			isa = XCConfigurationList;
			buildConfigurations = (
				8390A37F29A8436900BFA2A3 /* Debug */,
				8390A38029A8436900BFA2A3 /* Release */,
			);
			defaultConfigurationIsVisible = 0;
			defaultConfigurationName = Release;
		};
/* End XCConfigurationList section */

/* Begin XCRemoteSwiftPackageReference section */
		8390A38129A8437A00BFA2A3 /* XCRemoteSwiftPackageReference "XcapKit" */ = {
			isa = XCRemoteSwiftPackageReference;
			repositoryURL = "https://github.com/Xcap-App/XcapKit";
			requirement = {
				branch = main;
				kind = branch;
			};
		};
/* End XCRemoteSwiftPackageReference section */

/* Begin XCSwiftPackageProductDependency section */
		8390A38229A8437A00BFA2A3 /* XcapKit */ = {
			isa = XCSwiftPackageProductDependency;
			package = 8390A38129A8437A00BFA2A3 /* XCRemoteSwiftPackageReference "XcapKit" */;
			productName = XcapKit;
		};
/* End XCSwiftPackageProductDependency section */
	};
	rootObject = 8390A36229A8436800BFA2A3 /* Project object */;
}
